
Microsoft Visual Studio Solution File, Format Version 12.00
# Visual Studio Version 16
VisualStudioVersion = 16.0.30011.22
MinimumVisualStudioVersion = 10.0.40219.1
Project("{FAE04EC0-301F-11D3-BF4B-00C04F79EFBC}") = "DanceShop", "DanceShop\DanceShop.csproj", "{959B3D2A-186C-4B52-9D67-5E845487FF36}"
	ProjectSection(ProjectDependencies) = postProject
		{921E3233-F422-44D7-B588-FA3FD9A81C12} = {921E3233-F422-44D7-B588-FA3FD9A81C12}
		{5C52A8A2-E42C-429A-9908-B6BF1BD6A379} = {5C52A8A2-E42C-429A-9908-B6BF1BD6A379}
		{8BFB58BB-FD95-43F5-8E20-64716AE4B99F} = {8BFB58BB-FD95-43F5-8E20-64716AE4B99F}
	EndProjectSection
EndProject
Project("{2150E333-8FDC-42A3-9474-1A3956D46DE8}") = "Domain", "Domain", "{5A58DAF2-09E9-40D5-8824-B766B7211815}"
EndProject
Project("{FAE04EC0-301F-11D3-BF4B-00C04F79EFBC}") = "Model", "Model\Model.csproj", "{3B90049A-8852-4A54-AB69-7DD49054B457}"
EndProject
Project("{FAE04EC0-301F-11D3-BF4B-00C04F79EFBC}") = "Contracts", "Contracts\Contracts.csproj", "{5C52A8A2-E42C-429A-9908-B6BF1BD6A379}"
EndProject
Project("{FAE04EC0-301F-11D3-BF4B-00C04F79EFBC}") = "Services", "Services\Services.csproj", "{921E3233-F422-44D7-B588-FA3FD9A81C12}"
	ProjectSection(ProjectDependencies) = postProject
		{3B90049A-8852-4A54-AB69-7DD49054B457} = {3B90049A-8852-4A54-AB69-7DD49054B457}
		{5C52A8A2-E42C-429A-9908-B6BF1BD6A379} = {5C52A8A2-E42C-429A-9908-B6BF1BD6A379}
		{8BFB58BB-FD95-43F5-8E20-64716AE4B99F} = {8BFB58BB-FD95-43F5-8E20-64716AE4B99F}
	EndProjectSection
EndProject
Project("{2150E333-8FDC-42A3-9474-1A3956D46DE8}") = "Data", "Data", "{66AF4FE2-8D20-4653-89E2-F8B1A34501CD}"
EndProject
Project("{FAE04EC0-301F-11D3-BF4B-00C04F79EFBC}") = "Data", "Data\Data.csproj", "{8BFB58BB-FD95-43F5-8E20-64716AE4B99F}"
	ProjectSection(ProjectDependencies) = postProject
		{3B90049A-8852-4A54-AB69-7DD49054B457} = {3B90049A-8852-4A54-AB69-7DD49054B457}
		{5C52A8A2-E42C-429A-9908-B6BF1BD6A379} = {5C52A8A2-E42C-429A-9908-B6BF1BD6A379}
	EndProjectSection
EndProject
Project("{2150E333-8FDC-42A3-9474-1A3956D46DE8}") = "Infrastructure", "Infrastructure", "{4124E863-A33D-49D7-BB1D-7C0B7B5A1375}"
EndProject
Project("{FAE04EC0-301F-11D3-BF4B-00C04F79EFBC}") = "CompositionRoot", "CompositionRoot\CompositionRoot.csproj", "{2EEFFFF4-5676-4C63-89BB-898FF006EC3F}"
EndProject
Global
	GlobalSection(SolutionConfigurationPlatforms) = preSolution
		Debug|Any CPU = Debug|Any CPU
		Release|Any CPU = Release|Any CPU
	EndGlobalSection
	GlobalSection(ProjectConfigurationPlatforms) = postSolution
		{959B3D2A-186C-4B52-9D67-5E845487FF36}.Debug|Any CPU.ActiveCfg = Debug|Any CPU
		{959B3D2A-186C-4B52-9D67-5E845487FF36}.Debug|Any CPU.Build.0 = Debug|Any CPU
		{959B3D2A-186C-4B52-9D67-5E845487FF36}.Release|Any CPU.ActiveCfg = Release|Any CPU
		{959B3D2A-186C-4B52-9D67-5E845487FF36}.Release|Any CPU.Build.0 = Release|Any CPU
		{3B90049A-8852-4A54-AB69-7DD49054B457}.Debug|Any CPU.ActiveCfg = Debug|Any CPU
		{3B90049A-8852-4A54-AB69-7DD49054B457}.Debug|Any CPU.Build.0 = Debug|Any CPU
		{3B90049A-8852-4A54-AB69-7DD49054B457}.Release|Any CPU.ActiveCfg = Release|Any CPU
		{3B90049A-8852-4A54-AB69-7DD49054B457}.Release|Any CPU.Build.0 = Release|Any CPU
		{5C52A8A2-E42C-429A-9908-B6BF1BD6A379}.Debug|Any CPU.ActiveCfg = Debug|Any CPU
		{5C52A8A2-E42C-429A-9908-B6BF1BD6A379}.Debug|Any CPU.Build.0 = Debug|Any CPU
		{5C52A8A2-E42C-429A-9908-B6BF1BD6A379}.Release|Any CPU.ActiveCfg = Release|Any CPU
		{5C52A8A2-E42C-429A-9908-B6BF1BD6A379}.Release|Any CPU.Build.0 = Release|Any CPU
		{921E3233-F422-44D7-B588-FA3FD9A81C12}.Debug|Any CPU.ActiveCfg = Debug|Any CPU
		{921E3233-F422-44D7-B588-FA3FD9A81C12}.Debug|Any CPU.Build.0 = Debug|Any CPU
		{921E3233-F422-44D7-B588-FA3FD9A81C12}.Release|Any CPU.ActiveCfg = Release|Any CPU
		{921E3233-F422-44D7-B588-FA3FD9A81C12}.Release|Any CPU.Build.0 = Release|Any CPU
		{8BFB58BB-FD95-43F5-8E20-64716AE4B99F}.Debug|Any CPU.ActiveCfg = Debug|Any CPU
		{8BFB58BB-FD95-43F5-8E20-64716AE4B99F}.Debug|Any CPU.Build.0 = Debug|Any CPU
		{8BFB58BB-FD95-43F5-8E20-64716AE4B99F}.Release|Any CPU.ActiveCfg = Release|Any CPU
		{8BFB58BB-FD95-43F5-8E20-64716AE4B99F}.Release|Any CPU.Build.0 = Release|Any CPU
		{2EEFFFF4-5676-4C63-89BB-898FF006EC3F}.Debug|Any CPU.ActiveCfg = Debug|Any CPU
		{2EEFFFF4-5676-4C63-89BB-898FF006EC3F}.Debug|Any CPU.Build.0 = Debug|Any CPU
		{2EEFFFF4-5676-4C63-89BB-898FF006EC3F}.Release|Any CPU.ActiveCfg = Release|Any CPU
		{2EEFFFF4-5676-4C63-89BB-898FF006EC3F}.Release|Any CPU.Build.0 = Release|Any CPU
	EndGlobalSection
	GlobalSection(SolutionProperties) = preSolution
		HideSolutionNode = FALSE
	EndGlobalSection
	GlobalSection(NestedProjects) = preSolution
		{3B90049A-8852-4A54-AB69-7DD49054B457} = {5A58DAF2-09E9-40D5-8824-B766B7211815}
		{5C52A8A2-E42C-429A-9908-B6BF1BD6A379} = {5A58DAF2-09E9-40D5-8824-B766B7211815}
		{921E3233-F422-44D7-B588-FA3FD9A81C12} = {5A58DAF2-09E9-40D5-8824-B766B7211815}
		{8BFB58BB-FD95-43F5-8E20-64716AE4B99F} = {66AF4FE2-8D20-4653-89E2-F8B1A34501CD}
		{2EEFFFF4-5676-4C63-89BB-898FF006EC3F} = {4124E863-A33D-49D7-BB1D-7C0B7B5A1375}
	EndGlobalSection
	GlobalSection(ExtensibilityGlobals) = postSolution
		SolutionGuid = {C5880696-6986-4178-A5FF-AFC1BE88767D}
	EndGlobalSection
EndGlobal
